// !$*UTF8*$!
{
	archiveVersion = 1;
	classes = {
	};
	objectVersion = 46;
	objects = {

/* Begin PBXBuildFile section */
		F7E0F18E1DA869EF00A72C7A /* AppDelegate.swift in Sources */ = {isa = PBXBuildFile; fileRef = F7E0F18D1DA869EF00A72C7A /* AppDelegate.swift */; };
		F7E0F1901DA869EF00A72C7A /* ViewController.swift in Sources */ = {isa = PBXBuildFile; fileRef = F7E0F18F1DA869EF00A72C7A /* ViewController.swift */; };
		F7E0F1931DA869EF00A72C7A /* Main.storyboard in Resources */ = {isa = PBXBuildFile; fileRef = F7E0F1911DA869EF00A72C7A /* Main.storyboard */; };
		F7E0F1951DA869EF00A72C7A /* Assets.xcassets in Resources */ = {isa = PBXBuildFile; fileRef = F7E0F1941DA869EF00A72C7A /* Assets.xcassets */; };
		F7E0F1981DA869EF00A72C7A /* LaunchScreen.storyboard in Resources */ = {isa = PBXBuildFile; fileRef = F7E0F1961DA869EF00A72C7A /* LaunchScreen.storyboard */; };
		F7E0F1A01DA86A0A00A72C7A /* CustomView.xib in Resources */ = {isa = PBXBuildFile; fileRef = F7E0F19F1DA86A0A00A72C7A /* CustomView.xib */; };
		F7E0F1A21DA86A1800A72C7A /* CustomView.swift in Sources */ = {isa = PBXBuildFile; fileRef = F7E0F1A11DA86A1800A72C7A /* CustomView.swift */; };
		F7E0F1A41DA86A5100A72C7A /* README.md in Sources */ = {isa = PBXBuildFile; fileRef = F7E0F1A31DA86A5100A72C7A /* README.md */; };
		F7E0F1A71DA86DC200A72C7A /* baby.jpg in Resources */ = {isa = PBXBuildFile; fileRef = F7E0F1A51DA86DC200A72C7A /* baby.jpg */; };
		F7E0F1A81DA86DC200A72C7A /* dog.jpg in Resources */ = {isa = PBXBuildFile; fileRef = F7E0F1A61DA86DC200A72C7A /* dog.jpg */; };
/* End PBXBuildFile section */

/* Begin PBXFileReference section */
		F7E0F18A1DA869EF00A72C7A /* ExampleIBDesignableClass.app */ = {isa = PBXFileReference; explicitFileType = wrapper.application; includeInIndex = 0; path = ExampleIBDesignableClass.app; sourceTree = BUILT_PRODUCTS_DIR; };
		F7E0F18D1DA869EF00A72C7A /* AppDelegate.swift */ = {isa = PBXFileReference; lastKnownFileType = sourcecode.swift; path = AppDelegate.swift; sourceTree = "<group>"; };
		F7E0F18F1DA869EF00A72C7A /* ViewController.swift */ = {isa = PBXFileReference; lastKnownFileType = sourcecode.swift; path = ViewController.swift; sourceTree = "<group>"; };
		F7E0F1921DA869EF00A72C7A /* Base */ = {isa = PBXFileReference; lastKnownFileType = file.storyboard; name = Base; path = Base.lproj/Main.storyboard; sourceTree = "<group>"; };
		F7E0F1941DA869EF00A72C7A /* Assets.xcassets */ = {isa = PBXFileReference; lastKnownFileType = folder.assetcatalog; path = Assets.xcassets; sourceTree = "<group>"; };
		F7E0F1971DA869EF00A72C7A /* Base */ = {isa = PBXFileReference; lastKnownFileType = file.storyboard; name = Base; path = Base.lproj/LaunchScreen.storyboard; sourceTree = "<group>"; };
		F7E0F1991DA869EF00A72C7A /* Info.plist */ = {isa = PBXFileReference; lastKnownFileType = text.plist.xml; path = Info.plist; sourceTree = "<group>"; };
		F7E0F19F1DA86A0A00A72C7A /* CustomView.xib */ = {isa = PBXFileReference; fileEncoding = 4; lastKnownFileType = file.xib; path = CustomView.xib; sourceTree = "<group>"; };
		F7E0F1A11DA86A1800A72C7A /* CustomView.swift */ = {isa = PBXFileReference; fileEncoding = 4; lastKnownFileType = sourcecode.swift; path = CustomView.swift; sourceTree = "<group>"; };
		F7E0F1A31DA86A5100A72C7A /* README.md */ = {isa = PBXFileReference; fileEncoding = 4; lastKnownFileType = net.daringfireball.markdown; path = README.md; sourceTree = "<group>"; };
		F7E0F1A51DA86DC200A72C7A /* baby.jpg */ = {isa = PBXFileReference; lastKnownFileType = image.jpeg; path = baby.jpg; sourceTree = "<group>"; };
		F7E0F1A61DA86DC200A72C7A /* dog.jpg */ = {isa = PBXFileReference; lastKnownFileType = image.jpeg; path = dog.jpg; sourceTree = "<group>"; };
/* End PBXFileReference section */

/* Begin PBXFrameworksBuildPhase section */
		F7E0F1871DA869EF00A72C7A /* Frameworks */ = {
			isa = PBXFrameworksBuildPhase;
			buildActionMask = 2147483647;
			files = (
			);
			runOnlyForDeploymentPostprocessing = 0;
		};
/* End PBXFrameworksBuildPhase section */

/* Begin PBXGroup section */
		F7E0F1811DA869EF00A72C7A = {
			isa = PBXGroup;
			children = (
				F7E0F18C1DA869EF00A72C7A /* ExampleIBDesignableClass */,
				F7E0F18B1DA869EF00A72C7A /* Products */,
			);
			sourceTree = "<group>";
		};
		F7E0F18B1DA869EF00A72C7A /* Products */ = {
			isa = PBXGroup;
			children = (
				F7E0F18A1DA869EF00A72C7A /* ExampleIBDesignableClass.app */,
			);
			name = Products;
			sourceTree = "<group>";
		};
		F7E0F18C1DA869EF00A72C7A /* ExampleIBDesignableClass */ = {
			isa = PBXGroup;
			children = (
				F7E0F1A31DA86A5100A72C7A /* README.md */,
				F7E0F18D1DA869EF00A72C7A /* AppDelegate.swift */,
				F7E0F18F1DA869EF00A72C7A /* ViewController.swift */,
				F7E0F1911DA869EF00A72C7A /* Main.storyboard */,
				F7E0F1941DA869EF00A72C7A /* Assets.xcassets */,
				F7E0F1961DA869EF00A72C7A /* LaunchScreen.storyboard */,
				F7E0F1991DA869EF00A72C7A /* Info.plist */,
				F7E0F19F1DA86A0A00A72C7A /* CustomView.xib */,
				F7E0F1A11DA86A1800A72C7A /* CustomView.swift */,
				F7E0F1A51DA86DC200A72C7A /* baby.jpg */,
				F7E0F1A61DA86DC200A72C7A /* dog.jpg */,
			);
			path = ExampleIBDesignableClass;
			sourceTree = "<group>";
		};
/* End PBXGroup section */

/* Begin PBXNativeTarget section */
		F7E0F1891DA869EF00A72C7A /* ExampleIBDesignableClass */ = {
			isa = PBXNativeTarget;
			buildConfigurationList = F7E0F19C1DA869EF00A72C7A /* Build configuration list for PBXNativeTarget "ExampleIBDesignableClass" */;
			buildPhases = (
				F7E0F1861DA869EF00A72C7A /* Sources */,
				F7E0F1871DA869EF00A72C7A /* Frameworks */,
				F7E0F1881DA869EF00A72C7A /* Resources */,
			);
			buildRules = (
			);
			dependencies = (
			);
			name = ExampleIBDesignableClass;
			productName = ExampleIBDesignableClass;
			productReference = F7E0F18A1DA869EF00A72C7A /* ExampleIBDesignableClass.app */;
			productType = "com.apple.product-type.application";
		};
/* End PBXNativeTarget section */

/* Begin PBXProject section */
		F7E0F1821DA869EF00A72C7A /* Project object */ = {
			isa = PBXProject;
			attributes = {
				LastSwiftUpdateCheck = 0800;
				LastUpgradeCheck = 0800;
				ORGANIZATIONNAME = EExT;
				TargetAttributes = {
					F7E0F1891DA869EF00A72C7A = {
						CreatedOnToolsVersion = 8.0;
						DevelopmentTeam = 2WN8Z4EKKL;
						ProvisioningStyle = Automatic;
					};
				};
			};
			buildConfigurationList = F7E0F1851DA869EF00A72C7A /* Build configuration list for PBXProject "ExampleIBDesignableClass" */;
			compatibilityVersion = "Xcode 3.2";
			developmentRegion = English;
			hasScannedForEncodings = 0;
			knownRegions = (
				en,
				Base,
			);
			mainGroup = F7E0F1811DA869EF00A72C7A;
			productRefGroup = F7E0F18B1DA869EF00A72C7A /* Products */;
			projectDirPath = "";
			projectRoot = "";
			targets = (
				F7E0F1891DA869EF00A72C7A /* ExampleIBDesignableClass */,
			);
		};
/* End PBXProject section */

/* Begin PBXResourcesBuildPhase section */
		F7E0F1881DA869EF00A72C7A /* Resources */ = {
			isa = PBXResourcesBuildPhase;
			buildActionMask = 2147483647;
			files = (
				F7E0F1A81DA86DC200A72C7A /* dog.jpg in Resources */,
				F7E0F1981DA869EF00A72C7A /* LaunchScreen.storyboard in Resources */,
				F7E0F1A71DA86DC200A72C7A /* baby.jpg in Resources */,
				F7E0F1A01DA86A0A00A72C7A /* CustomView.xib in Resources */,
				F7E0F1951DA869EF00A72C7A /* Assets.xcassets in Resources */,
				F7E0F1931DA869EF00A72C7A /* Main.storyboard in Resources */,
			);
			runOnlyForDeploymentPostprocessing = 0;
		};
/* End PBXResourcesBuildPhase section */

/* Begin PBXSourcesBuildPhase section */
		F7E0F1861DA869EF00A72C7A /* Sources */ = {
			isa = PBXSourcesBuildPhase;
			buildActionMask = 2147483647;
			files = (
				F7E0F1A21DA86A1800A72C7A /* CustomView.swift in Sources */,
				F7E0F1901DA869EF00A72C7A /* ViewController.swift in Sources */,
				F7E0F1A41DA86A5100A72C7A /* README.md in Sources */,
				F7E0F18E1DA869EF00A72C7A /* AppDelegate.swift in Sources */,
			);
			runOnlyForDeploymentPostprocessing = 0;
		};
/* End PBXSourcesBuildPhase section */

/* Begin PBXVariantGroup section */
		F7E0F1911DA869EF00A72C7A /* Main.storyboard */ = {
			isa = PBXVariantGroup;
			children = (
				F7E0F1921DA869EF00A72C7A /* Base */,
			);
			name = Main.storyboard;
			sourceTree = "<group>";
		};
		F7E0F1961DA869EF00A72C7A /* LaunchScreen.storyboard */ = {
			isa = PBXVariantGroup;
			children = (
				F7E0F1971DA869EF00A72C7A /* Base */,
			);
			name = LaunchScreen.storyboard;
			sourceTree = "<group>";
		};
/* End PBXVariantGroup section */

/* Begin XCBuildConfiguration section */
		F7E0F19A1DA869EF00A72C7A /* Debug */ = {
			isa = XCBuildConfiguration;
			buildSettings = {
				ALWAYS_SEARCH_USER_PATHS = NO;
				CLANG_ANALYZER_NONNULL = YES;
				CLANG_CXX_LANGUAGE_STANDARD = "gnu++0x";
				CLANG_CXX_LIBRARY = "libc++";
				CLANG_ENABLE_MODULES = YES;
				CLANG_ENABLE_OBJC_ARC = YES;
				CLANG_WARN_BOOL_CONVERSION = YES;
				CLANG_WARN_CONSTANT_CONVERSION = YES;
				CLANG_WARN_DIRECT_OBJC_ISA_USAGE = YES_ERROR;
				CLANG_WARN_DOCUMENTATION_COMMENTS = YES;
				CLANG_WARN_EMPTY_BODY = YES;
				CLANG_WARN_ENUM_CONVERSION = YES;
				CLANG_WARN_INFINITE_RECURSION = YES;
				CLANG_WARN_INT_CONVERSION = YES;
				CLANG_WARN_OBJC_ROOT_CLASS = YES_ERROR;
				CLANG_WARN_SUSPICIOUS_MOVES = YES;
				CLANG_WARN_UNREACHABLE_CODE = YES;
				CLANG_WARN__DUPLICATE_METHOD_MATCH = YES;
				"CODE_SIGN_IDENTITY[sdk=iphoneos*]" = "iPhone Developer";
				COPY_PHASE_STRIP = NO;
				DEBUG_INFORMATION_FORMAT = dwarf;
				ENABLE_STRICT_OBJC_MSGSEND = YES;
				ENABLE_TESTABILITY = YES;
				GCC_C_LANGUAGE_STANDARD = gnu99;
				GCC_DYNAMIC_NO_PIC = NO;
				GCC_NO_COMMON_BLOCKS = YES;
				GCC_OPTIMIZATION_LEVEL = 0;
				GCC_PREPROCESSOR_DEFINITIONS = (
					"DEBUG=1",
					"$(inherited)",
				);
				GCC_WARN_64_TO_32_BIT_CONVERSION = YES;
				GCC_WARN_ABOUT_RETURN_TYPE = YES_ERROR;
				GCC_WARN_UNDECLARED_SELECTOR = YES;
				GCC_WARN_UNINITIALIZED_AUTOS = YES_AGGRESSIVE;
				GCC_WARN_UNUSED_FUNCTION = YES;
				GCC_WARN_UNUSED_VARIABLE = YES;
				IPHONEOS_DEPLOYMENT_TARGET = 10.0;
				MTL_ENABLE_DEBUG_INFO = YES;
				ONLY_ACTIVE_ARCH = YES;
				SDKROOT = iphoneos;
				SWIFT_ACTIVE_COMPILATION_CONDITIONS = DEBUG;
				SWIFT_OPTIMIZATION_LEVEL = "-Onone";
				TARGETED_DEVICE_FAMILY = "1,2";
			};
			name = Debug;
		};
		F7E0F19B1DA869EF00A72C7A /* Release */ = {
			isa = XCBuildConfiguration;
			buildSettings = {
				ALWAYS_SEARCH_USER_PATHS = NO;
				CLANG_ANALYZER_NONNULL = YES;
				CLANG_CXX_LANGUAGE_STANDARD = "gnu++0x";
				CLANG_CXX_LIBRARY = "libc++";
				CLANG_ENABLE_MODULES = YES;
				CLANG_ENABLE_OBJC_ARC = YES;
				CLANG_WARN_BOOL_CONVERSION = YES;
				CLANG_WARN_CONSTANT_CONVERSION = YES;
				CLANG_WARN_DIRECT_OBJC_ISA_USAGE = YES_ERROR;
				CLANG_WARN_DOCUMENTATION_COMMENTS = YES;
				CLANG_WARN_EMPTY_BODY = YES;
				CLANG_WARN_ENUM_CONVERSION = YES;
				CLANG_WARN_INFINITE_RECURSION = YES;
				CLANG_WARN_INT_CONVERSION = YES;
				CLANG_WARN_OBJC_ROOT_CLASS = YES_ERROR;
				CLANG_WARN_SUSPICIOUS_MOVES = YES;
				CLANG_WARN_UNREACHABLE_CODE = YES;
				CLANG_WARN__DUPLICATE_METHOD_MATCH = YES;
				"CODE_SIGN_IDENTITY[sdk=iphoneos*]" = "iPhone Developer";
				COPY_PHASE_STRIP = NO;
				DEBUG_INFORMATION_FORMAT = "dwarf-with-dsym";
				ENABLE_NS_ASSERTIONS = NO;
				ENABLE_STRICT_OBJC_MSGSEND = YES;
				GCC_C_LANGUAGE_STANDARD = gnu99;
				GCC_NO_COMMON_BLOCKS = YES;
				GCC_WARN_64_TO_32_BIT_CONVERSION = YES;
				GCC_WARN_ABOUT_RETURN_TYPE = YES_ERROR;
				GCC_WARN_UNDECLARED_SELECTOR = YES;
				GCC_WARN_UNINITIALIZED_AUTOS = YES_AGGRESSIVE;
				GCC_WARN_UNUSED_FUNCTION = YES;
				GCC_WARN_UNUSED_VARIABLE = YES;
				IPHONEOS_DEPLOYMENT_TARGET = 10.0;
				MTL_ENABLE_DEBUG_INFO = NO;
				SDKROOT = iphoneos;
				SWIFT_OPTIMIZATION_LEVEL = "-Owholemodule";
				TARGETED_DEVICE_FAMILY = "1,2";
				VALIDATE_PRODUCT = YES;
			};
			name = Release;
		};
		F7E0F19D1DA869EF00A72C7A /* Debug */ = {
			isa = XCBuildConfiguration;
			buildSettings = {
				ASSETCATALOG_COMPILER_APPICON_NAME = AppIcon;
				DEVELOPMENT_TEAM = 2WN8Z4EKKL;
				INFOPLIST_FILE = ExampleIBDesignableClass/Info.plist;
				LD_RUNPATH_SEARCH_PATHS = "$(inherited) @executable_path/Frameworks";
				PRODUCT_BUNDLE_IDENTIFIER = com.EExT.ExampleIBDesignableClass;
				PRODUCT_NAME = "$(TARGET_NAME)";
				SWIFT_VERSION = 3.0;
			};
			name = Debug;
		};
		F7E0F19E1DA869EF00A72C7A /* Release */ = {
			isa = XCBuildConfiguration;
			buildSettings = {
				ASSETCATALOG_COMPILER_APPICON_NAME = AppIcon;
				DEVELOPMENT_TEAM = 2WN8Z4EKKL;
				INFOPLIST_FILE = ExampleIBDesignableClass/Info.plist;
				LD_RUNPATH_SEARCH_PATHS = "$(inherited) @executable_path/Frameworks";
				PRODUCT_BUNDLE_IDENTIFIER = com.EExT.ExampleIBDesignableClass;
				PRODUCT_NAME = "$(TARGET_NAME)";
				SWIFT_VERSION = 3.0;
			};
			name = Release;
		};
/* End XCBuildConfiguration section */

/* Begin XCConfigurationList section */
		F7E0F1851DA869EF00A72C7A /* Build configuration list for PBXProject "ExampleIBDesignableClass" */ = {
			isa = XCConfigurationList;
			buildConfigurations = (
				F7E0F19A1DA869EF00A72C7A /* Debug */,
				F7E0F19B1DA869EF00A72C7A /* Release */,
			);
			defaultConfigurationIsVisible = 0;
			defaultConfigurationName = Release;
		};
		F7E0F19C1DA869EF00A72C7A /* Build configuration list for PBXNativeTarget "ExampleIBDesignableClass" */ = {
			isa = XCConfigurationList;
			buildConfigurations = (
				F7E0F19D1DA869EF00A72C7A /* Debug */,
				F7E0F19E1DA869EF00A72C7A /* Release */,
			);
			defaultConfigurationIsVisible = 0;
		};
/* End XCConfigurationList section */
	};
	rootObject = F7E0F1821DA869EF00A72C7A /* Project object */;
}
